{
  "name": "project-daemon",
  "requires": true,
  "lockfileVersion": 1,
  "dependencies": {
    "axios": {
      "version": "0.18.0",
      "resolved": "https://registry.npmjs.org/axios/-/axios-0.18.0.tgz",
      "integrity": "sha1-MtU+SFHv3AoRmTts0AB4nXDAUQI=",
      "requires": {
        "follow-redirects": "1.4.1",
        "is-buffer": "1.1.6"
      },
      "dependencies": {
        "follow-redirects": {
          "version": "1.4.1",
          "resolved": "https://registry.npmjs.org/follow-redirects/-/follow-redirects-1.4.1.tgz",
          "integrity": "sha1-2BIPRRgZD1Wqxlu2/HuF/NZm1qo=",
          "requires": {
            "debug": "3.1.0"
          },
          "dependencies": {
            "debug": {
              "version": "3.1.0",
              "resolved": "https://registry.npmjs.org/debug/-/debug-3.1.0.tgz",
              "integrity": "sha1-W7WgZyYotkFJVmuhaBnmFRjGcmE=",
              "requires": {
                "ms": "2.0.0"
              },
              "dependencies": {
                "ms": {
                  "version": "2.0.0",
                  "resolved": "https://registry.npmjs.org/ms/-/ms-2.0.0.tgz",
                  "integrity": "sha1-VgiurfwAvmwpAd9fmGF4jeDVl8g="
                }
              }
            }
          }
        },
        "is-buffer": {
          "version": "1.1.6",
          "resolved": "https://registry.npmjs.org/is-buffer/-/is-buffer-1.1.6.tgz",
          "integrity": "sha1-76ouqdqg16suoTqXsritUf776L4="
        }
      }
    },
    "bluebird": {
      "version": "3.5.1",
      "resolved": "https://registry.npmjs.org/bluebird/-/bluebird-3.5.1.tgz",
      "integrity": "sha1-2VUfnemPH82h5oPRfukaBgLuLrk="
    },
    "collections": {
      "version": "0.2.2",
      "resolved": "https://registry.npmjs.org/collections/-/collections-0.2.2.tgz",
      "integrity": "sha1-HyMCay7zb5J+7MkB6ZxfDUj6M04=",
      "requires": {
        "weak-map": "1.0.0"
      },
      "dependencies": {
        "weak-map": {
          "version": "1.0.0",
          "resolved": "https://registry.npmjs.org/weak-map/-/weak-map-1.0.0.tgz",
          "integrity": "sha1-tm5Wqd8L0lp2u/G1FNsSkIBhSjc="
        }
      }
    },
    "dockerode": {
      "version": "2.5.4",
      "resolved": "https://registry.npmjs.org/dockerode/-/dockerode-2.5.4.tgz",
      "integrity": "sha1-xGurmAmKnMRqwCGLbpioICM+VWs=",
      "requires": {
        "concat-stream": "1.5.2",
        "docker-modem": "1.0.6",
        "tar-fs": "1.12.0"
      },
      "dependencies": {
        "concat-stream": {
          "version": "1.5.2",
          "resolved": "https://registry.npmjs.org/concat-stream/-/concat-stream-1.5.2.tgz",
          "integrity": "sha1-cIl4Yk2FavQaWnQd790mHadSwmY=",
          "requires": {
            "inherits": "2.0.3",
            "readable-stream": "2.0.6",
            "typedarray": "0.0.6"
          },
          "dependencies": {
            "inherits": {
              "version": "2.0.3",
              "resolved": "https://registry.npmjs.org/inherits/-/inherits-2.0.3.tgz",
              "integrity": "sha1-Yzwsg+PaQqUC9SRmAiSA9CCCYd4="
            },
            "readable-stream": {
              "version": "2.0.6",
              "resolved": "https://registry.npmjs.org/readable-stream/-/readable-stream-2.0.6.tgz",
              "integrity": "sha1-j5A0HmilPMySh4jaz80Rs265t44=",
              "requires": {
                "core-util-is": "1.0.2",
                "inherits": "2.0.3",
                "isarray": "1.0.0",
                "process-nextick-args": "1.0.7",
                "string_decoder": "0.10.31",
                "util-deprecate": "1.0.2"
              },
              "dependencies": {
                "core-util-is": {
                  "version": "1.0.2",
                  "resolved": "https://registry.npmjs.org/core-util-is/-/core-util-is-1.0.2.tgz",
                  "integrity": "sha1-tf1UIgqivFq1eqtxQMlAdUUDwac="
                },
                "isarray": {
                  "version": "1.0.0",
                  "resolved": "https://registry.npmjs.org/isarray/-/isarray-1.0.0.tgz",
                  "integrity": "sha1-u5NdSFgsuhaMBoNJV6VKPgcSTxE="
                },
                "process-nextick-args": {
                  "version": "1.0.7",
                  "resolved": "https://registry.npmjs.org/process-nextick-args/-/process-nextick-args-1.0.7.tgz",
                  "integrity": "sha1-FQ4gt1ZZCtP5EJPyWk8q2L/zC6M="
                },
                "string_decoder": {
                  "version": "0.10.31",
                  "resolved": "https://registry.npmjs.org/string_decoder/-/string_decoder-0.10.31.tgz",
                  "integrity": "sha1-YuIDvEF2bGwoyfyEMB2rHFMQ+pQ="
                },
                "util-deprecate": {
                  "version": "1.0.2",
                  "resolved": "https://registry.npmjs.org/util-deprecate/-/util-deprecate-1.0.2.tgz",
                  "integrity": "sha1-RQ1Nyfpw3nMnYvvS1KKJgUGaDM8="
                }
              }
            },
            "typedarray": {
              "version": "0.0.6",
              "resolved": "https://registry.npmjs.org/typedarray/-/typedarray-0.0.6.tgz",
              "integrity": "sha1-hnrHTjhkGHsdPUfZlqeOxciDB3c="
            }
          }
        },
        "docker-modem": {
          "version": "1.0.6",
          "resolved": "https://registry.npmjs.org/docker-modem/-/docker-modem-1.0.6.tgz",
          "integrity": "sha1-Dbj1hfqtZ55nYlwnyDlU50etAZA=",
          "requires": {
            "JSONStream": "1.3.2",
            "debug": "3.1.0",
            "readable-stream": "1.0.34",
            "split-ca": "1.0.1"
          },
          "dependencies": {
            "JSONStream": {
              "version": "1.3.2",
              "resolved": "https://registry.npmjs.org/JSONStream/-/JSONStream-1.3.2.tgz",
              "integrity": "sha1-wQI3G27Dp887hHygDCC7D85Mbeo=",
              "requires": {
                "jsonparse": "1.3.1",
                "through": "2.3.8"
              },
              "dependencies": {
                "jsonparse": {
                  "version": "1.3.1",
                  "resolved": "https://registry.npmjs.org/jsonparse/-/jsonparse-1.3.1.tgz",
                  "integrity": "sha1-P02uSpH6wxX3EGL4UhzCOfE2YoA="
                },
                "through": {
                  "version": "2.3.8",
                  "resolved": "https://registry.npmjs.org/through/-/through-2.3.8.tgz",
                  "integrity": "sha1-DdTJ/6q8NXlgsbckEV1+Doai4fU="
                }
              }
            },
            "debug": {
              "version": "3.1.0",
              "resolved": "https://registry.npmjs.org/debug/-/debug-3.1.0.tgz",
              "integrity": "sha1-W7WgZyYotkFJVmuhaBnmFRjGcmE=",
              "requires": {
                "ms": "2.0.0"
              },
              "dependencies": {
                "ms": {
                  "version": "2.0.0",
                  "resolved": "https://registry.npmjs.org/ms/-/ms-2.0.0.tgz",
                  "integrity": "sha1-VgiurfwAvmwpAd9fmGF4jeDVl8g="
                }
              }
            },
            "readable-stream": {
              "version": "1.0.34",
              "resolved": "https://registry.npmjs.org/readable-stream/-/readable-stream-1.0.34.tgz",
              "integrity": "sha1-Elgg40vIQtLyqq+v5MKRbuMsFXw=",
              "requires": {
                "core-util-is": "1.0.2",
                "inherits": "2.0.3",
                "isarray": "0.0.1",
                "string_decoder": "0.10.31"
              },
              "dependencies": {
                "core-util-is": {
                  "version": "1.0.2",
                  "resolved": "https://registry.npmjs.org/core-util-is/-/core-util-is-1.0.2.tgz",
                  "integrity": "sha1-tf1UIgqivFq1eqtxQMlAdUUDwac="
                },
                "inherits": {
                  "version": "2.0.3",
                  "resolved": "https://registry.npmjs.org/inherits/-/inherits-2.0.3.tgz",
                  "integrity": "sha1-Yzwsg+PaQqUC9SRmAiSA9CCCYd4="
                },
                "isarray": {
                  "version": "0.0.1",
                  "resolved": "https://registry.npmjs.org/isarray/-/isarray-0.0.1.tgz",
                  "integrity": "sha1-ihis/Kmo9Bd+Cav8YDiTmwXR7t8="
                },
                "string_decoder": {
                  "version": "0.10.31",
                  "resolved": "https://registry.npmjs.org/string_decoder/-/string_decoder-0.10.31.tgz",
                  "integrity": "sha1-YuIDvEF2bGwoyfyEMB2rHFMQ+pQ="
                }
              }
            },
            "split-ca": {
              "version": "1.0.1",
              "resolved": "https://registry.npmjs.org/split-ca/-/split-ca-1.0.1.tgz",
              "integrity": "sha1-bIOv82kvphJW4M0ZfgXp3hV2kaY="
            }
          }
        },
        "tar-fs": {
          "version": "1.12.0",
          "resolved": "https://registry.npmjs.org/tar-fs/-/tar-fs-1.12.0.tgz",
          "integrity": "sha1-pqgFU9ilTHPeHQrg553ncDVgXh0=",
          "requires": {
            "mkdirp": "0.5.1",
            "pump": "1.0.3",
            "tar-stream": "1.5.5"
          },
          "dependencies": {
            "mkdirp": {
              "version": "0.5.1",
              "resolved": "https://registry.npmjs.org/mkdirp/-/mkdirp-0.5.1.tgz",
              "integrity": "sha1-MAV0OOrGz3+MR2fzhkjWaX11yQM=",
              "requires": {
                "minimist": "0.0.8"
              },
              "dependencies": {
                "minimist": {
                  "version": "0.0.8",
                  "resolved": "https://registry.npmjs.org/minimist/-/minimist-0.0.8.tgz",
                  "integrity": "sha1-hX/Kv8M5fSYluCKCYuhqp6ARsF0="
                }
              }
            },
            "pump": {
              "version": "1.0.3",
              "resolved": "https://registry.npmjs.org/pump/-/pump-1.0.3.tgz",
              "integrity": "sha1-Xf6DEcM7v2/BgmH580cCxHwIqVQ=",
              "requires": {
                "end-of-stream": "1.4.1",
                "once": "1.4.0"
              },
              "dependencies": {
                "end-of-stream": {
                  "version": "1.4.1",
                  "resolved": "https://registry.npmjs.org/end-of-stream/-/end-of-stream-1.4.1.tgz",
                  "integrity": "sha1-7SljTRm6ukY7bOa4CjchPqtx7EM=",
                  "requires": {
                    "once": "1.4.0"
                  }
                },
                "once": {
                  "version": "1.4.0",
                  "resolved": "https://registry.npmjs.org/once/-/once-1.4.0.tgz",
                  "integrity": "sha1-WDsap3WWHUsROsF9nFC6753Xa9E=",
                  "requires": {
                    "wrappy": "1.0.2"
                  },
                  "dependencies": {
                    "wrappy": {
                      "version": "1.0.2",
                      "resolved": "https://registry.npmjs.org/wrappy/-/wrappy-1.0.2.tgz",
                      "integrity": "sha1-tSQ9jz7BqjXxNkYFvA0QNuMKtp8="
                    }
                  }
                }
              }
            },
            "tar-stream": {
              "version": "1.5.5",
              "resolved": "https://registry.npmjs.org/tar-stream/-/tar-stream-1.5.5.tgz",
              "integrity": "sha1-XK2Ed59FyDsfJQjZawnYjHIYr1U=",
              "requires": {
                "bl": "1.2.2",
                "end-of-stream": "1.4.1",
                "readable-stream": "2.3.6",
                "xtend": "4.0.1"
              },
              "dependencies": {
                "bl": {
                  "version": "1.2.2",
                  "resolved": "https://registry.npmjs.org/bl/-/bl-1.2.2.tgz",
                  "integrity": "sha1-oWCRFxcQPAdBDO9j71Gzl8Alr5w=",
                  "requires": {
                    "readable-stream": "2.3.6",
                    "safe-buffer": "5.1.1"
                  },
                  "dependencies": {
                    "safe-buffer": {
                      "version": "5.1.1",
                      "resolved": "https://registry.npmjs.org/safe-buffer/-/safe-buffer-5.1.1.tgz",
                      "integrity": "sha1-iTMSr2myEj3vcfV4iQAWce6yyFM="
                    }
                  }
                },
                "end-of-stream": {
                  "version": "1.4.1",
                  "resolved": "https://registry.npmjs.org/end-of-stream/-/end-of-stream-1.4.1.tgz",
                  "integrity": "sha1-7SljTRm6ukY7bOa4CjchPqtx7EM=",
                  "requires": {
                    "once": "1.4.0"
                  },
                  "dependencies": {
                    "once": {
                      "version": "1.4.0",
                      "resolved": "https://registry.npmjs.org/once/-/once-1.4.0.tgz",
                      "integrity": "sha1-WDsap3WWHUsROsF9nFC6753Xa9E=",
                      "requires": {
                        "wrappy": "1.0.2"
                      },
                      "dependencies": {
                        "wrappy": {
                          "version": "1.0.2",
                          "resolved": "https://registry.npmjs.org/wrappy/-/wrappy-1.0.2.tgz",
                          "integrity": "sha1-tSQ9jz7BqjXxNkYFvA0QNuMKtp8="
                        }
                      }
                    }
                  }
                },
                "readable-stream": {
                  "version": "2.3.6",
                  "resolved": "https://registry.npmjs.org/readable-stream/-/readable-stream-2.3.6.tgz",
                  "integrity": "sha1-sRwn2IuP8fvgcGQ8+UsMea4bCq8=",
                  "requires": {
                    "core-util-is": "1.0.2",
                    "inherits": "2.0.3",
                    "isarray": "1.0.0",
                    "process-nextick-args": "2.0.0",
                    "safe-buffer": "5.1.1",
                    "string_decoder": "1.1.1",
                    "util-deprecate": "1.0.2"
                  },
                  "dependencies": {
                    "core-util-is": {
                      "version": "1.0.2",
                      "resolved": "https://registry.npmjs.org/core-util-is/-/core-util-is-1.0.2.tgz",
                      "integrity": "sha1-tf1UIgqivFq1eqtxQMlAdUUDwac="
                    },
                    "inherits": {
                      "version": "2.0.3",
                      "resolved": "https://registry.npmjs.org/inherits/-/inherits-2.0.3.tgz",
                      "integrity": "sha1-Yzwsg+PaQqUC9SRmAiSA9CCCYd4="
                    },
                    "isarray": {
                      "version": "1.0.0",
                      "resolved": "https://registry.npmjs.org/isarray/-/isarray-1.0.0.tgz",
                      "integrity": "sha1-u5NdSFgsuhaMBoNJV6VKPgcSTxE="
                    },
                    "process-nextick-args": {
                      "version": "2.0.0",
                      "resolved": "https://registry.npmjs.org/process-nextick-args/-/process-nextick-args-2.0.0.tgz",
                      "integrity": "sha1-o31zL0JxtKsa0HDTVQjoKQeI/6o="
                    },
                    "safe-buffer": {
                      "version": "5.1.1",
                      "resolved": "https://registry.npmjs.org/safe-buffer/-/safe-buffer-5.1.1.tgz",
                      "integrity": "sha1-iTMSr2myEj3vcfV4iQAWce6yyFM="
                    },
                    "string_decoder": {
                      "version": "1.1.1",
                      "resolved": "https://registry.npmjs.org/string_decoder/-/string_decoder-1.1.1.tgz",
                      "integrity": "sha1-nPFhG6YmhdcDCunkujQUnDrwP8g=",
                      "requires": {
                        "safe-buffer": "5.1.1"
                      }
                    },
                    "util-deprecate": {
                      "version": "1.0.2",
                      "resolved": "https://registry.npmjs.org/util-deprecate/-/util-deprecate-1.0.2.tgz",
                      "integrity": "sha1-RQ1Nyfpw3nMnYvvS1KKJgUGaDM8="
                    }
                  }
                },
                "xtend": {
                  "version": "4.0.1",
                  "resolved": "https://registry.npmjs.org/xtend/-/xtend-4.0.1.tgz",
                  "integrity": "sha1-pcbVMr5lbiPbgg77lDofBJmNY68="
                }
              }
            }
          }
        }
      }
    },
    "faye-websocket": {
      "version": "0.7.3",
      "resolved": "https://registry.npmjs.org/faye-websocket/-/faye-websocket-0.7.3.tgz",
      "integrity": "sha1-zEB0x/Sk39A69U3WXDVLE1EyzhE=",
      "requires": {
        "websocket-driver": "0.7.0"
      },
      "dependencies": {
        "websocket-driver": {
          "version": "0.7.0",
          "resolved": "https://registry.npmjs.org/websocket-driver/-/websocket-driver-0.7.0.tgz",
          "integrity": "sha1-DK+dLXVdk67gSdS90NP+LMoqJOs=",
          "requires": {
            "http-parser-js": "0.4.11",
            "websocket-extensions": "0.1.3"
          },
          "dependencies": {
            "http-parser-js": {
              "version": "0.4.11",
              "resolved": "https://registry.npmjs.org/http-parser-js/-/http-parser-js-0.4.11.tgz",
              "integrity": "sha1-W3IIScZQkDwn5SFjPZRpbulfNSk="
            },
            "websocket-extensions": {
              "version": "0.1.3",
              "resolved": "https://registry.npmjs.org/websocket-extensions/-/websocket-extensions-0.1.3.tgz",
              "integrity": "sha1-XS/yKXcAPsaHpLhwc9+7rBRszyk="
            }
          }
        }
      }
    },
    "github": {
      "version": "0.2.4",
      "resolved": "https://registry.npmjs.org/github/-/github-0.2.4.tgz",
      "integrity": "sha1-JPp/DhP6EblGr5ETTFGYKpHOU4s=",
      "requires": {
        "mime": "1.6.0"
      },
      "dependencies": {
        "mime": {
          "version": "1.6.0",
          "resolved": "https://registry.npmjs.org/mime/-/mime-1.6.0.tgz",
          "integrity": "sha1-Ms2eXGRVO9WNGaVor0Uqz/BJgbE="
        }
      }
    },
    "istanbul": {
      "version": "0.1.46",
      "resolved": "https://registry.npmjs.org/istanbul/-/istanbul-0.1.46.tgz",
      "integrity": "sha1-zv6xx4fRJabbI70PY7Drk5CwtA0=",
      "dev": true,
      "requires": {
        "abbrev": "1.0.9",
        "async": "0.2.10",
        "escodegen": "0.0.23",
        "esprima": "1.0.4",
        "fileset": "0.1.8",
        "handlebars": "1.0.12",
        "mkdirp": "0.3.5",
        "nopt": "2.1.2",
        "resolve": "0.5.1",
        "which": "1.0.9",
        "wordwrap": "0.0.3"
      },
      "dependencies": {
        "abbrev": {
          "version": "1.0.9",
          "resolved": "https://registry.npmjs.org/abbrev/-/abbrev-1.0.9.tgz",
          "integrity": "sha1-kbR5JYinc4wl813W9jdSovh3YTU=",
          "dev": true
        },
        "async": {
          "version": "0.2.10",
          "resolved": "https://registry.npmjs.org/async/-/async-0.2.10.tgz",
          "integrity": "sha1-trvgsGdLnXGXCMo43owjfLUmw9E=",
          "dev": true
        },
        "escodegen": {
          "version": "0.0.23",
          "resolved": "https://registry.npmjs.org/escodegen/-/escodegen-0.0.23.tgz",
          "integrity": "sha1-ms+XgWQ2jkInZXHxiDnII7OoRN8=",
          "dev": true,
          "requires": {
            "esprima": "1.0.4",
            "estraverse": "0.0.4",
            "source-map": "0.7.2"
          },
          "dependencies": {
            "estraverse": {
              "version": "0.0.4",
              "resolved": "https://registry.npmjs.org/estraverse/-/estraverse-0.0.4.tgz",
              "integrity": "sha1-AaCTLf7ldGhKWYr1pnw7+bZCjbI=",
              "dev": true
            },
            "source-map": {
              "version": "0.7.2",
              "resolved": "https://registry.npmjs.org/source-map/-/source-map-0.7.2.tgz",
              "integrity": "sha1-EVw+iRqqmkhIaf0riTkaIl/ro0Q=",
              "dev": true,
              "optional": true
            }
          }
        },
        "esprima": {
          "version": "1.0.4",
          "resolved": "https://registry.npmjs.org/esprima/-/esprima-1.0.4.tgz",
          "integrity": "sha1-n1V+CPw7TSbs6d00+Pv0drYlha0=",
          "dev": true
        },
        "fileset": {
          "version": "0.1.8",
          "resolved": "https://registry.npmjs.org/fileset/-/fileset-0.1.8.tgz",
          "integrity": "sha1-UGuRqTluqn4y+0KoQHfHoMc2t0E=",
          "dev": true,
          "requires": {
            "glob": "3.2.11",
            "minimatch": "0.4.0"
          },
          "dependencies": {
            "glob": {
              "version": "3.2.11",
              "resolved": "https://registry.npmjs.org/glob/-/glob-3.2.11.tgz",
              "integrity": "sha1-Spc/Y1uRkPcV0QmH1cAP0oFevj0=",
              "dev": true,
              "requires": {
                "inherits": "2.0.3",
                "minimatch": "0.3.0"
              },
              "dependencies": {
                "inherits": {
                  "version": "2.0.3",
                  "resolved": "https://registry.npmjs.org/inherits/-/inherits-2.0.3.tgz",
                  "integrity": "sha1-Yzwsg+PaQqUC9SRmAiSA9CCCYd4=",
                  "dev": true
                },
                "minimatch": {
                  "version": "0.3.0",
                  "resolved": "https://registry.npmjs.org/minimatch/-/minimatch-0.3.0.tgz",
                  "integrity": "sha1-J12O2qxPG7MyZHIInnlJyDlGmd0=",
                  "dev": true,
                  "requires": {
                    "lru-cache": "2.7.3",
                    "sigmund": "1.0.1"
                  },
                  "dependencies": {
                    "lru-cache": {
                      "version": "2.7.3",
                      "resolved": "https://registry.npmjs.org/lru-cache/-/lru-cache-2.7.3.tgz",
                      "integrity": "sha1-bUUk6LlV+V1PW1iFHOId1y+06VI=",
                      "dev": true
                    },
                    "sigmund": {
                      "version": "1.0.1",
                      "resolved": "https://registry.npmjs.org/sigmund/-/sigmund-1.0.1.tgz",
                      "integrity": "sha1-P/IfGYytIXX587eBhT/ZTQ0ZtZA=",
                      "dev": true
                    }
                  }
                }
              }
            },
            "minimatch": {
              "version": "0.4.0",
              "resolved": "https://registry.npmjs.org/minimatch/-/minimatch-0.4.0.tgz",
              "integrity": "sha1-vSx9Bg0sjI/Xzefx8u0tWycP2xs=",
              "dev": true,
              "requires": {
                "lru-cache": "2.7.3",
                "sigmund": "1.0.1"
              },
              "dependencies": {
                "lru-cache": {
                  "version": "2.7.3",
                  "resolved": "https://registry.npmjs.org/lru-cache/-/lru-cache-2.7.3.tgz",
                  "integrity": "sha1-bUUk6LlV+V1PW1iFHOId1y+06VI=",
                  "dev": true
                },
                "sigmund": {
                  "version": "1.0.1",
                  "resolved": "https://registry.npmjs.org/sigmund/-/sigmund-1.0.1.tgz",
                  "integrity": "sha1-P/IfGYytIXX587eBhT/ZTQ0ZtZA=",
                  "dev": true
                }
              }
            }
          }
        },
        "handlebars": {
          "version": "1.0.12",
          "resolved": "https://registry.npmjs.org/handlebars/-/handlebars-1.0.12.tgz",
          "integrity": "sha1-GMbTRAw16RsZs/9YK5FRq0mF1Pw=",
          "dev": true,
          "requires": {
            "optimist": "0.3.7",
            "uglify-js": "2.3.6"
          },
          "dependencies": {
            "optimist": {
              "version": "0.3.7",
              "resolved": "https://registry.npmjs.org/optimist/-/optimist-0.3.7.tgz",
              "integrity": "sha1-yQlBrVnkJzMokjB00s8ufLxuwNk=",
              "dev": true,
              "requires": {
                "wordwrap": "0.0.3"
              }
            },
            "uglify-js": {
              "version": "2.3.6",
              "resolved": "https://registry.npmjs.org/uglify-js/-/uglify-js-2.3.6.tgz",
              "integrity": "sha1-+gmEdwtCi3qbKoBY9GNV0U/vIRo=",
              "dev": true,
              "requires": {
                "async": "0.2.10",
                "optimist": "0.3.7",
                "source-map": "0.1.43"
              },
              "dependencies": {
                "source-map": {
                  "version": "0.1.43",
                  "resolved": "https://registry.npmjs.org/source-map/-/source-map-0.1.43.tgz",
                  "integrity": "sha1-wkvBRspRfBRx9drL4lcbK3+eM0Y=",
                  "dev": true,
                  "requires": {
                    "amdefine": "1.0.1"
                  },
                  "dependencies": {
                    "amdefine": {
                      "version": "1.0.1",
                      "resolved": "https://registry.npmjs.org/amdefine/-/amdefine-1.0.1.tgz",
                      "integrity": "sha1-SlKCrBZHKek2Gbz9OtFR+BfOkfU=",
                      "dev": true
                    }
                  }
                }
              }
            }
          }
        },
        "mkdirp": {
          "version": "0.3.5",
          "resolved": "https://registry.npmjs.org/mkdirp/-/mkdirp-0.3.5.tgz",
          "integrity": "sha1-3j5fiWHIjHh+4TaN+EmsRBPsqNc=",
          "dev": true
        },
        "nopt": {
          "version": "2.1.2",
          "resolved": "https://registry.npmjs.org/nopt/-/nopt-2.1.2.tgz",
          "integrity": "sha1-bMzZd7gBMqB3MdbozljCyDA8+a8=",
          "dev": true,
          "requires": {
            "abbrev": "1.0.9"
          }
        },
        "resolve": {
          "version": "0.5.1",
          "resolved": "https://registry.npmjs.org/resolve/-/resolve-0.5.1.tgz",
          "integrity": "sha1-FeSiIsQja81M+FRUQSwtD7ZSRXY=",
          "dev": true
        },
        "which": {
          "version": "1.0.9",
          "resolved": "https://registry.npmjs.org/which/-/which-1.0.9.tgz",
          "integrity": "sha1-RgwdoPgQED0DIam2M6+eV15kSG8=",
          "dev": true
        },
        "wordwrap": {
          "version": "0.0.3",
          "resolved": "https://registry.npmjs.org/wordwrap/-/wordwrap-0.0.3.tgz",
          "integrity": "sha1-o9XabNXAvAAI03I0u68b7WMFkQc=",
          "dev": true
        }
      }
    },
    "jasmine-node": {
      "version": "1.14.5",
      "resolved": "https://registry.npmjs.org/jasmine-node/-/jasmine-node-1.14.5.tgz",
      "integrity": "sha1-GOg5e4VpJO53ADZmw3MbWupQw50=",
      "dev": true,
      "requires": {
        "coffee-script": "1.12.7",
        "gaze": "0.3.4",
        "jasmine-growl-reporter": "0.0.3",
        "jasmine-reporters": "1.0.2",
        "mkdirp": "0.3.5",
        "requirejs": "2.3.5",
        "underscore": "1.8.3",
        "walkdir": "0.0.12"
      },
      "dependencies": {
        "coffee-script": {
          "version": "1.12.7",
          "resolved": "https://registry.npmjs.org/coffee-script/-/coffee-script-1.12.7.tgz",
          "integrity": "sha1-wF2uDLeVkdBbMHCoQzqYyaiczFM=",
          "dev": true
        },
        "gaze": {
          "version": "0.3.4",
          "resolved": "https://registry.npmjs.org/gaze/-/gaze-0.3.4.tgz",
          "integrity": "sha1-X5S92gr+U7xxCWm81vKCVI1gwnk=",
          "dev": true,
          "requires": {
            "fileset": "0.1.8",
            "minimatch": "0.2.14"
          },
          "dependencies": {
            "fileset": {
              "version": "0.1.8",
              "resolved": "https://registry.npmjs.org/fileset/-/fileset-0.1.8.tgz",
              "integrity": "sha1-UGuRqTluqn4y+0KoQHfHoMc2t0E=",
              "dev": true,
              "requires": {
                "glob": "3.2.11",
                "minimatch": "0.2.14"
              },
              "dependencies": {
                "glob": {
                  "version": "3.2.11",
                  "resolved": "https://registry.npmjs.org/glob/-/glob-3.2.11.tgz",
                  "integrity": "sha1-Spc/Y1uRkPcV0QmH1cAP0oFevj0=",
                  "dev": true,
                  "requires": {
                    "inherits": "2.0.3",
                    "minimatch": "0.3.0"
                  },
                  "dependencies": {
                    "inherits": {
                      "version": "2.0.3",
                      "resolved": "https://registry.npmjs.org/inherits/-/inherits-2.0.3.tgz",
                      "integrity": "sha1-Yzwsg+PaQqUC9SRmAiSA9CCCYd4=",
                      "dev": true
                    },
                    "minimatch": {
                      "version": "0.3.0",
                      "resolved": "https://registry.npmjs.org/minimatch/-/minimatch-0.3.0.tgz",
                      "integrity": "sha1-J12O2qxPG7MyZHIInnlJyDlGmd0=",
                      "dev": true,
                      "requires": {
                        "lru-cache": "2.7.3",
                        "sigmund": "1.0.1"
                      },
                      "dependencies": {
                        "lru-cache": {
                          "version": "2.7.3",
                          "resolved": "https://registry.npmjs.org/lru-cache/-/lru-cache-2.7.3.tgz",
                          "integrity": "sha1-bUUk6LlV+V1PW1iFHOId1y+06VI=",
                          "dev": true
                        },
                        "sigmund": {
                          "version": "1.0.1",
                          "resolved": "https://registry.npmjs.org/sigmund/-/sigmund-1.0.1.tgz",
                          "integrity": "sha1-P/IfGYytIXX587eBhT/ZTQ0ZtZA=",
                          "dev": true
                        }
                      }
                    }
                  }
                }
              }
            },
            "minimatch": {
              "version": "0.2.14",
              "resolved": "https://registry.npmjs.org/minimatch/-/minimatch-0.2.14.tgz",
              "integrity": "sha1-x054BXT2PG+aCQ6Q775u9TpqdWo=",
              "dev": true,
              "requires": {
                "lru-cache": "2.7.3",
                "sigmund": "1.0.1"
              },
              "dependencies": {
                "lru-cache": {
                  "version": "2.7.3",
                  "resolved": "https://registry.npmjs.org/lru-cache/-/lru-cache-2.7.3.tgz",
                  "integrity": "sha1-bUUk6LlV+V1PW1iFHOId1y+06VI=",
                  "dev": true
                },
                "sigmund": {
                  "version": "1.0.1",
                  "resolved": "https://registry.npmjs.org/sigmund/-/sigmund-1.0.1.tgz",
                  "integrity": "sha1-P/IfGYytIXX587eBhT/ZTQ0ZtZA=",
                  "dev": true
                }
              }
            }
          }
        },
        "jasmine-growl-reporter": {
          "version": "0.0.3",
          "resolved": "https://registry.npmjs.org/jasmine-growl-reporter/-/jasmine-growl-reporter-0.0.3.tgz",
          "integrity": "sha1-uHrlUeNZ0orVIXdl6u9sB7dj9sg=",
          "dev": true,
          "requires": {
            "growl": "1.7.0"
          },
          "dependencies": {
            "growl": {
              "version": "1.7.0",
              "resolved": "https://registry.npmjs.org/growl/-/growl-1.7.0.tgz",
              "integrity": "sha1-3i1mE20ALhErpw8/EMMc98NQsto=",
              "dev": true
            }
          }
        },
        "jasmine-reporters": {
          "version": "1.0.2",
          "resolved": "https://registry.npmjs.org/jasmine-reporters/-/jasmine-reporters-1.0.2.tgz",
          "integrity": "sha1-q2E+1Zd9x0h+hbPBL2qOqNsq3jE=",
          "dev": true,
          "requires": {
            "mkdirp": "0.3.5"
          }
        },
        "mkdirp": {
          "version": "0.3.5",
          "resolved": "https://registry.npmjs.org/mkdirp/-/mkdirp-0.3.5.tgz",
          "integrity": "sha1-3j5fiWHIjHh+4TaN+EmsRBPsqNc=",
          "dev": true
        },
        "requirejs": {
          "version": "2.3.5",
          "resolved": "https://registry.npmjs.org/requirejs/-/requirejs-2.3.5.tgz",
          "integrity": "sha1-YXuay7yzNlQO9JFNeQMjqNS4YbA=",
          "dev": true
        },
        "underscore": {
          "version": "1.8.3",
          "resolved": "https://registry.npmjs.org/underscore/-/underscore-1.8.3.tgz",
          "integrity": "sha1-Tz+1OxBuYJf8+ctBCfKl6b36UCI=",
          "dev": true
        },
        "walkdir": {
          "version": "0.0.12",
          "resolved": "https://registry.npmjs.org/walkdir/-/walkdir-0.0.12.tgz",
          "integrity": "sha1-LyTxreZKqx5FhZHURCyIaDVukoE=",
          "dev": true
        }
      }
    },
    "joey": {
      "version": "1.5.3",
      "resolved": "https://registry.npmjs.org/joey/-/joey-1.5.3.tgz",
      "integrity": "sha1-5cpBtGiZz2ZaIQee9rjDOjrxd0Q=",
      "requires": {
        "optimist": "0.3.7",
        "q": "1.5.1",
        "q-io": "1.13.5",
        "url2": "1.0.4"
      },
      "dependencies": {
        "optimist": {
          "version": "0.3.7",
          "resolved": "https://registry.npmjs.org/optimist/-/optimist-0.3.7.tgz",
          "integrity": "sha1-yQlBrVnkJzMokjB00s8ufLxuwNk=",
          "requires": {
            "wordwrap": "0.0.3"
          },
          "dependencies": {
            "wordwrap": {
              "version": "0.0.3",
              "resolved": "https://registry.npmjs.org/wordwrap/-/wordwrap-0.0.3.tgz",
              "integrity": "sha1-o9XabNXAvAAI03I0u68b7WMFkQc="
            }
          }
        },
        "q": {
          "version": "1.5.1",
          "resolved": "https://registry.npmjs.org/q/-/q-1.5.1.tgz",
          "integrity": "sha1-fjL3W0E4EpHQRhHxvxQQmsAGUdc="
        },
        "url2": {
          "version": "1.0.4",
          "resolved": "https://registry.npmjs.org/url2/-/url2-1.0.4.tgz",
          "integrity": "sha1-3yKErhXHSbqAl1FRDl4l2p67gNg=",
          "requires": {
            "url": "0.10.2"
          },
          "dependencies": {
            "url": {
              "version": "0.10.2",
              "resolved": "https://registry.npmjs.org/url/-/url-0.10.2.tgz",
              "integrity": "sha1-aGIdaSnqHK00Tr8TXYL89+sadGk=",
              "requires": {
                "punycode": "1.3.2"
              },
              "dependencies": {
                "punycode": {
                  "version": "1.3.2",
                  "resolved": "https://registry.npmjs.org/punycode/-/punycode-1.3.2.tgz",
                  "integrity": "sha1-llOgNvt8HuQjQvIyXM7v6jkmxI0="
                }
              }
            }
          }
        }
      }
    },
    "js-yaml": {
      "version": "3.11.0",
      "resolved": "https://registry.npmjs.org/js-yaml/-/js-yaml-3.11.0.tgz",
      "integrity": "sha1-WXwai9VxUvJtYizkEXhRpR9euu8=",
      "requires": {
        "argparse": "1.0.10",
        "esprima": "4.0.0"
      },
      "dependencies": {
        "argparse": {
          "version": "1.0.10",
          "resolved": "https://registry.npmjs.org/argparse/-/argparse-1.0.10.tgz",
          "integrity": "sha1-vNZ5HqWuCXJeF+WtmIE0zUCz2RE=",
          "requires": {
            "sprintf-js": "1.0.3"
          },
          "dependencies": {
            "sprintf-js": {
              "version": "1.0.3",
              "resolved": "https://registry.npmjs.org/sprintf-js/-/sprintf-js-1.0.3.tgz",
              "integrity": "sha1-BOaSb2YolTVPPdAVIDYzuFcpfiw="
            }
          }
        },
        "esprima": {
          "version": "4.0.0",
          "resolved": "https://registry.npmjs.org/esprima/-/esprima-4.0.0.tgz",
          "integrity": "sha1-RJnt3NERDgshi6zy+n9/WfVcqAQ="
        }
      }
    },
    "logging": {
      "version": "github:montagestudio/logging#fe399e1183d3983103beb490c49cb6228f6fb1cd"
    },
    "optimist": {
      "version": "0.6.1",
      "resolved": "https://registry.npmjs.org/optimist/-/optimist-0.6.1.tgz",
      "integrity": "sha1-2j6nRob6IaGaERwybpDrFaAZZoY=",
      "requires": {
        "minimist": "0.0.10",
        "wordwrap": "0.0.3"
      },
      "dependencies": {
        "minimist": {
          "version": "0.0.10",
          "resolved": "https://registry.npmjs.org/minimist/-/minimist-0.0.10.tgz",
          "integrity": "sha1-3j+YVD2/lggr5IrRoMfNqDYwHc8="
        },
        "wordwrap": {
          "version": "0.0.3",
          "resolved": "https://registry.npmjs.org/wordwrap/-/wordwrap-0.0.3.tgz",
          "integrity": "sha1-o9XabNXAvAAI03I0u68b7WMFkQc="
        }
      }
    },
    "q": {
      "version": "0.9.7",
      "resolved": "https://registry.npmjs.org/q/-/q-0.9.7.tgz",
      "integrity": "sha1-TeLmyzspCIyeTLwDv51C+5bOL3U="
    },
    "q-io": {
      "version": "1.13.5",
      "resolved": "https://registry.npmjs.org/q-io/-/q-io-1.13.5.tgz",
      "integrity": "sha1-asOd61z+DcaENub4wz0NfD9HG7I=",
      "requires": {
        "collections": "0.2.2",
        "mime": "1.6.0",
        "mimeparse": "0.1.4",
        "q": "1.5.1",
        "qs": "6.5.1",
        "url2": "0.0.0"
      },
      "dependencies": {
        "mime": {
          "version": "1.6.0",
          "resolved": "https://registry.npmjs.org/mime/-/mime-1.6.0.tgz",
          "integrity": "sha1-Ms2eXGRVO9WNGaVor0Uqz/BJgbE="
        },
        "mimeparse": {
          "version": "0.1.4",
          "resolved": "https://registry.npmjs.org/mimeparse/-/mimeparse-0.1.4.tgz",
          "integrity": "sha1-2vsCdSNw/SJgk64xUsJxrwGsJUo="
        },
        "q": {
          "version": "1.5.1",
          "resolved": "https://registry.npmjs.org/q/-/q-1.5.1.tgz",
          "integrity": "sha1-fjL3W0E4EpHQRhHxvxQQmsAGUdc="
        },
        "qs": {
          "version": "6.5.1",
          "resolved": "https://registry.npmjs.org/qs/-/qs-6.5.1.tgz",
          "integrity": "sha1-NJzfbu+J7EXBLX1es/wMhwNDptg="
        },
        "url2": {
          "version": "0.0.0",
          "resolved": "https://registry.npmjs.org/url2/-/url2-0.0.0.tgz",
          "integrity": "sha1-Tqq9HVw6yQ1iq0SFyZhCKGWgSxo="
        }
      }
    },
    "rewire": {
      "version": "2.5.2",
      "resolved": "https://registry.npmjs.org/rewire/-/rewire-2.5.2.tgz",
      "integrity": "sha1-ZCfee3/u+n02QBUH62SlOFvFjcc=",
      "dev": true
    },
    "uuid": {
      "version": "1.4.2",
      "resolved": "https://registry.npmjs.org/uuid/-/uuid-1.4.2.tgz",
      "integrity": "sha1-RTAZ9oaWam34PNxSROfJkOzDMvw="
    }
  }
}
