{
  "name": "common",
  "version": "1.0.0",
  "lockfileVersion": 1,
  "requires": true,
  "dependencies": {
    "bluebird": {
      "version": "3.5.1",
      "resolved": "https://registry.npmjs.org/bluebird/-/bluebird-3.5.1.tgz",
      "integrity": "sha1-2VUfnemPH82h5oPRfukaBgLuLrk="
    },
    "collections": {
      "version": "0.2.2",
      "resolved": "https://registry.npmjs.org/collections/-/collections-0.2.2.tgz",
      "integrity": "sha1-HyMCay7zb5J+7MkB6ZxfDUj6M04=",
      "requires": {
        "weak-map": "1.0.0"
      },
      "dependencies": {
        "weak-map": {
          "version": "1.0.0",
          "resolved": "https://registry.npmjs.org/weak-map/-/weak-map-1.0.0.tgz",
          "integrity": "sha1-tm5Wqd8L0lp2u/G1FNsSkIBhSjc="
        }
      }
    },
    "dotenv": {
      "version": "5.0.1",
      "resolved": "https://registry.npmjs.org/dotenv/-/dotenv-5.0.1.tgz",
      "integrity": "sha1-pTF0Wb09eauIz/bkQFemo/ux/O8=",
      "dev": true
    },
    "istanbul": {
      "version": "0.1.46",
      "resolved": "https://registry.npmjs.org/istanbul/-/istanbul-0.1.46.tgz",
      "integrity": "sha1-zv6xx4fRJabbI70PY7Drk5CwtA0=",
      "dev": true,
      "requires": {
        "abbrev": "1.0.9",
        "async": "0.2.10",
        "escodegen": "0.0.23",
        "esprima": "1.0.4",
        "fileset": "0.1.8",
        "handlebars": "1.0.12",
        "mkdirp": "0.3.5",
        "nopt": "2.1.2",
        "resolve": "0.5.1",
        "which": "1.0.9",
        "wordwrap": "0.0.3"
      },
      "dependencies": {
        "abbrev": {
          "version": "1.0.9",
          "resolved": "https://registry.npmjs.org/abbrev/-/abbrev-1.0.9.tgz",
          "integrity": "sha1-kbR5JYinc4wl813W9jdSovh3YTU=",
          "dev": true
        },
        "async": {
          "version": "0.2.10",
          "resolved": "https://registry.npmjs.org/async/-/async-0.2.10.tgz",
          "integrity": "sha1-trvgsGdLnXGXCMo43owjfLUmw9E=",
          "dev": true
        },
        "escodegen": {
          "version": "0.0.23",
          "resolved": "https://registry.npmjs.org/escodegen/-/escodegen-0.0.23.tgz",
          "integrity": "sha1-ms+XgWQ2jkInZXHxiDnII7OoRN8=",
          "dev": true,
          "requires": {
            "esprima": "1.0.4",
            "estraverse": "0.0.4",
            "source-map": "0.7.0"
          },
          "dependencies": {
            "estraverse": {
              "version": "0.0.4",
              "resolved": "https://registry.npmjs.org/estraverse/-/estraverse-0.0.4.tgz",
              "integrity": "sha1-AaCTLf7ldGhKWYr1pnw7+bZCjbI=",
              "dev": true
            },
            "source-map": {
              "version": "0.7.0",
              "resolved": "https://registry.npmjs.org/source-map/-/source-map-0.7.0.tgz",
              "integrity": "sha1-6/DROkjzYZ+RiRgW/dqTL4OmAh8=",
              "dev": true,
              "optional": true
            }
          }
        },
        "esprima": {
          "version": "1.0.4",
          "resolved": "https://registry.npmjs.org/esprima/-/esprima-1.0.4.tgz",
          "integrity": "sha1-n1V+CPw7TSbs6d00+Pv0drYlha0=",
          "dev": true
        },
        "fileset": {
          "version": "0.1.8",
          "resolved": "https://registry.npmjs.org/fileset/-/fileset-0.1.8.tgz",
          "integrity": "sha1-UGuRqTluqn4y+0KoQHfHoMc2t0E=",
          "dev": true,
          "requires": {
            "glob": "3.2.11",
            "minimatch": "0.4.0"
          },
          "dependencies": {
            "glob": {
              "version": "3.2.11",
              "resolved": "https://registry.npmjs.org/glob/-/glob-3.2.11.tgz",
              "integrity": "sha1-Spc/Y1uRkPcV0QmH1cAP0oFevj0=",
              "dev": true,
              "requires": {
                "inherits": "2.0.3",
                "minimatch": "0.3.0"
              },
              "dependencies": {
                "inherits": {
                  "version": "2.0.3",
                  "resolved": "https://registry.npmjs.org/inherits/-/inherits-2.0.3.tgz",
                  "integrity": "sha1-Yzwsg+PaQqUC9SRmAiSA9CCCYd4=",
                  "dev": true
                },
                "minimatch": {
                  "version": "0.3.0",
                  "resolved": "https://registry.npmjs.org/minimatch/-/minimatch-0.3.0.tgz",
                  "integrity": "sha1-J12O2qxPG7MyZHIInnlJyDlGmd0=",
                  "dev": true,
                  "requires": {
                    "lru-cache": "2.7.3",
                    "sigmund": "1.0.1"
                  },
                  "dependencies": {
                    "lru-cache": {
                      "version": "2.7.3",
                      "resolved": "https://registry.npmjs.org/lru-cache/-/lru-cache-2.7.3.tgz",
                      "integrity": "sha1-bUUk6LlV+V1PW1iFHOId1y+06VI=",
                      "dev": true
                    },
                    "sigmund": {
                      "version": "1.0.1",
                      "resolved": "https://registry.npmjs.org/sigmund/-/sigmund-1.0.1.tgz",
                      "integrity": "sha1-P/IfGYytIXX587eBhT/ZTQ0ZtZA=",
                      "dev": true
                    }
                  }
                }
              }
            },
            "minimatch": {
              "version": "0.4.0",
              "resolved": "https://registry.npmjs.org/minimatch/-/minimatch-0.4.0.tgz",
              "integrity": "sha1-vSx9Bg0sjI/Xzefx8u0tWycP2xs=",
              "dev": true,
              "requires": {
                "lru-cache": "2.7.3",
                "sigmund": "1.0.1"
              },
              "dependencies": {
                "lru-cache": {
                  "version": "2.7.3",
                  "resolved": "https://registry.npmjs.org/lru-cache/-/lru-cache-2.7.3.tgz",
                  "integrity": "sha1-bUUk6LlV+V1PW1iFHOId1y+06VI=",
                  "dev": true
                },
                "sigmund": {
                  "version": "1.0.1",
                  "resolved": "https://registry.npmjs.org/sigmund/-/sigmund-1.0.1.tgz",
                  "integrity": "sha1-P/IfGYytIXX587eBhT/ZTQ0ZtZA=",
                  "dev": true
                }
              }
            }
          }
        },
        "handlebars": {
          "version": "1.0.12",
          "resolved": "https://registry.npmjs.org/handlebars/-/handlebars-1.0.12.tgz",
          "integrity": "sha1-GMbTRAw16RsZs/9YK5FRq0mF1Pw=",
          "dev": true,
          "requires": {
            "optimist": "0.3.7",
            "uglify-js": "2.3.6"
          },
          "dependencies": {
            "optimist": {
              "version": "0.3.7",
              "resolved": "https://registry.npmjs.org/optimist/-/optimist-0.3.7.tgz",
              "integrity": "sha1-yQlBrVnkJzMokjB00s8ufLxuwNk=",
              "dev": true,
              "requires": {
                "wordwrap": "0.0.3"
              }
            },
            "uglify-js": {
              "version": "2.3.6",
              "resolved": "https://registry.npmjs.org/uglify-js/-/uglify-js-2.3.6.tgz",
              "integrity": "sha1-+gmEdwtCi3qbKoBY9GNV0U/vIRo=",
              "dev": true,
              "requires": {
                "async": "0.2.10",
                "optimist": "0.3.7",
                "source-map": "0.1.43"
              },
              "dependencies": {
                "source-map": {
                  "version": "0.1.43",
                  "resolved": "https://registry.npmjs.org/source-map/-/source-map-0.1.43.tgz",
                  "integrity": "sha1-wkvBRspRfBRx9drL4lcbK3+eM0Y=",
                  "dev": true,
                  "requires": {
                    "amdefine": "1.0.1"
                  },
                  "dependencies": {
                    "amdefine": {
                      "version": "1.0.1",
                      "resolved": "https://registry.npmjs.org/amdefine/-/amdefine-1.0.1.tgz",
                      "integrity": "sha1-SlKCrBZHKek2Gbz9OtFR+BfOkfU=",
                      "dev": true
                    }
                  }
                }
              }
            }
          }
        },
        "mkdirp": {
          "version": "0.3.5",
          "resolved": "https://registry.npmjs.org/mkdirp/-/mkdirp-0.3.5.tgz",
          "integrity": "sha1-3j5fiWHIjHh+4TaN+EmsRBPsqNc=",
          "dev": true
        },
        "nopt": {
          "version": "2.1.2",
          "resolved": "https://registry.npmjs.org/nopt/-/nopt-2.1.2.tgz",
          "integrity": "sha1-bMzZd7gBMqB3MdbozljCyDA8+a8=",
          "dev": true,
          "requires": {
            "abbrev": "1.0.9"
          }
        },
        "resolve": {
          "version": "0.5.1",
          "resolved": "https://registry.npmjs.org/resolve/-/resolve-0.5.1.tgz",
          "integrity": "sha1-FeSiIsQja81M+FRUQSwtD7ZSRXY=",
          "dev": true
        },
        "which": {
          "version": "1.0.9",
          "resolved": "https://registry.npmjs.org/which/-/which-1.0.9.tgz",
          "integrity": "sha1-RgwdoPgQED0DIam2M6+eV15kSG8=",
          "dev": true
        },
        "wordwrap": {
          "version": "0.0.3",
          "resolved": "https://registry.npmjs.org/wordwrap/-/wordwrap-0.0.3.tgz",
          "integrity": "sha1-o9XabNXAvAAI03I0u68b7WMFkQc=",
          "dev": true
        }
      }
    },
    "jasmine-node": {
      "version": "1.14.5",
      "resolved": "https://registry.npmjs.org/jasmine-node/-/jasmine-node-1.14.5.tgz",
      "integrity": "sha1-GOg5e4VpJO53ADZmw3MbWupQw50=",
      "dev": true,
      "requires": {
        "coffee-script": "1.12.7",
        "gaze": "0.3.4",
        "jasmine-growl-reporter": "0.0.3",
        "jasmine-reporters": "1.0.2",
        "mkdirp": "0.3.5",
        "requirejs": "2.3.5",
        "underscore": "1.8.3",
        "walkdir": "0.0.12"
      },
      "dependencies": {
        "coffee-script": {
          "version": "1.12.7",
          "resolved": "https://registry.npmjs.org/coffee-script/-/coffee-script-1.12.7.tgz",
          "integrity": "sha1-wF2uDLeVkdBbMHCoQzqYyaiczFM=",
          "dev": true
        },
        "gaze": {
          "version": "0.3.4",
          "resolved": "https://registry.npmjs.org/gaze/-/gaze-0.3.4.tgz",
          "integrity": "sha1-X5S92gr+U7xxCWm81vKCVI1gwnk=",
          "dev": true,
          "requires": {
            "fileset": "0.1.8",
            "minimatch": "0.2.14"
          },
          "dependencies": {
            "fileset": {
              "version": "0.1.8",
              "resolved": "https://registry.npmjs.org/fileset/-/fileset-0.1.8.tgz",
              "integrity": "sha1-UGuRqTluqn4y+0KoQHfHoMc2t0E=",
              "dev": true,
              "requires": {
                "glob": "3.2.11",
                "minimatch": "0.2.14"
              },
              "dependencies": {
                "glob": {
                  "version": "3.2.11",
                  "resolved": "https://registry.npmjs.org/glob/-/glob-3.2.11.tgz",
                  "integrity": "sha1-Spc/Y1uRkPcV0QmH1cAP0oFevj0=",
                  "dev": true,
                  "requires": {
                    "inherits": "2.0.3",
                    "minimatch": "0.3.0"
                  },
                  "dependencies": {
                    "inherits": {
                      "version": "2.0.3",
                      "resolved": "https://registry.npmjs.org/inherits/-/inherits-2.0.3.tgz",
                      "integrity": "sha1-Yzwsg+PaQqUC9SRmAiSA9CCCYd4=",
                      "dev": true
                    },
                    "minimatch": {
                      "version": "0.3.0",
                      "resolved": "https://registry.npmjs.org/minimatch/-/minimatch-0.3.0.tgz",
                      "integrity": "sha1-J12O2qxPG7MyZHIInnlJyDlGmd0=",
                      "dev": true,
                      "requires": {
                        "lru-cache": "2.7.3",
                        "sigmund": "1.0.1"
                      },
                      "dependencies": {
                        "lru-cache": {
                          "version": "2.7.3",
                          "resolved": "https://registry.npmjs.org/lru-cache/-/lru-cache-2.7.3.tgz",
                          "integrity": "sha1-bUUk6LlV+V1PW1iFHOId1y+06VI=",
                          "dev": true
                        },
                        "sigmund": {
                          "version": "1.0.1",
                          "resolved": "https://registry.npmjs.org/sigmund/-/sigmund-1.0.1.tgz",
                          "integrity": "sha1-P/IfGYytIXX587eBhT/ZTQ0ZtZA=",
                          "dev": true
                        }
                      }
                    }
                  }
                }
              }
            },
            "minimatch": {
              "version": "0.2.14",
              "resolved": "https://registry.npmjs.org/minimatch/-/minimatch-0.2.14.tgz",
              "integrity": "sha1-x054BXT2PG+aCQ6Q775u9TpqdWo=",
              "dev": true,
              "requires": {
                "lru-cache": "2.7.3",
                "sigmund": "1.0.1"
              },
              "dependencies": {
                "lru-cache": {
                  "version": "2.7.3",
                  "resolved": "https://registry.npmjs.org/lru-cache/-/lru-cache-2.7.3.tgz",
                  "integrity": "sha1-bUUk6LlV+V1PW1iFHOId1y+06VI=",
                  "dev": true
                },
                "sigmund": {
                  "version": "1.0.1",
                  "resolved": "https://registry.npmjs.org/sigmund/-/sigmund-1.0.1.tgz",
                  "integrity": "sha1-P/IfGYytIXX587eBhT/ZTQ0ZtZA=",
                  "dev": true
                }
              }
            }
          }
        },
        "jasmine-growl-reporter": {
          "version": "0.0.3",
          "resolved": "https://registry.npmjs.org/jasmine-growl-reporter/-/jasmine-growl-reporter-0.0.3.tgz",
          "integrity": "sha1-uHrlUeNZ0orVIXdl6u9sB7dj9sg=",
          "dev": true,
          "requires": {
            "growl": "1.7.0"
          },
          "dependencies": {
            "growl": {
              "version": "1.7.0",
              "resolved": "https://registry.npmjs.org/growl/-/growl-1.7.0.tgz",
              "integrity": "sha1-3i1mE20ALhErpw8/EMMc98NQsto=",
              "dev": true
            }
          }
        },
        "jasmine-reporters": {
          "version": "1.0.2",
          "resolved": "https://registry.npmjs.org/jasmine-reporters/-/jasmine-reporters-1.0.2.tgz",
          "integrity": "sha1-q2E+1Zd9x0h+hbPBL2qOqNsq3jE=",
          "dev": true,
          "requires": {
            "mkdirp": "0.3.5"
          }
        },
        "mkdirp": {
          "version": "0.3.5",
          "resolved": "https://registry.npmjs.org/mkdirp/-/mkdirp-0.3.5.tgz",
          "integrity": "sha1-3j5fiWHIjHh+4TaN+EmsRBPsqNc=",
          "dev": true
        },
        "requirejs": {
          "version": "2.3.5",
          "resolved": "https://registry.npmjs.org/requirejs/-/requirejs-2.3.5.tgz",
          "integrity": "sha1-YXuay7yzNlQO9JFNeQMjqNS4YbA=",
          "dev": true
        },
        "underscore": {
          "version": "1.8.3",
          "resolved": "https://registry.npmjs.org/underscore/-/underscore-1.8.3.tgz",
          "integrity": "sha1-Tz+1OxBuYJf8+ctBCfKl6b36UCI=",
          "dev": true
        },
        "walkdir": {
          "version": "0.0.12",
          "resolved": "https://registry.npmjs.org/walkdir/-/walkdir-0.0.12.tgz",
          "integrity": "sha1-LyTxreZKqx5FhZHURCyIaDVukoE=",
          "dev": true
        }
      }
    },
    "jsonwebtoken": {
      "version": "8.2.0",
      "resolved": "https://registry.npmjs.org/jsonwebtoken/-/jsonwebtoken-8.2.0.tgz",
      "integrity": "sha1-aQ7DqefpXiiENHzj6eudOJqlmLM=",
      "requires": {
        "jws": "3.1.4",
        "lodash.includes": "4.3.0",
        "lodash.isboolean": "3.0.3",
        "lodash.isinteger": "4.0.4",
        "lodash.isnumber": "3.0.3",
        "lodash.isplainobject": "4.0.6",
        "lodash.isstring": "4.0.1",
        "lodash.once": "4.1.1",
        "ms": "2.1.1",
        "xtend": "4.0.1"
      },
      "dependencies": {
        "jws": {
          "version": "3.1.4",
          "resolved": "https://registry.npmjs.org/jws/-/jws-3.1.4.tgz",
          "integrity": "sha1-+ei5M46KhHJ31kRLFGT2GIDgUKI=",
          "requires": {
            "base64url": "2.0.0",
            "jwa": "1.1.5",
            "safe-buffer": "5.1.1"
          },
          "dependencies": {
            "base64url": {
              "version": "2.0.0",
              "resolved": "https://registry.npmjs.org/base64url/-/base64url-2.0.0.tgz",
              "integrity": "sha1-6sFuA+oUOO/5Qj1puqNiYu0fcLs="
            },
            "jwa": {
              "version": "1.1.5",
              "resolved": "https://registry.npmjs.org/jwa/-/jwa-1.1.5.tgz",
              "integrity": "sha1-oFUs4CIHQs1S4VN3SjKQXDDnVuU=",
              "requires": {
                "base64url": "2.0.0",
                "buffer-equal-constant-time": "1.0.1",
                "ecdsa-sig-formatter": "1.0.9",
                "safe-buffer": "5.1.1"
              },
              "dependencies": {
                "buffer-equal-constant-time": {
                  "version": "1.0.1",
                  "resolved": "https://registry.npmjs.org/buffer-equal-constant-time/-/buffer-equal-constant-time-1.0.1.tgz",
                  "integrity": "sha1-+OcRMvf/5uAaXJaXpMbz5I1cyBk="
                },
                "ecdsa-sig-formatter": {
                  "version": "1.0.9",
                  "resolved": "https://registry.npmjs.org/ecdsa-sig-formatter/-/ecdsa-sig-formatter-1.0.9.tgz",
                  "integrity": "sha1-S8kmJ07Dtau1AW5+HWCSGsJisqE=",
                  "requires": {
                    "base64url": "2.0.0",
                    "safe-buffer": "5.1.1"
                  }
                }
              }
            },
            "safe-buffer": {
              "version": "5.1.1",
              "resolved": "https://registry.npmjs.org/safe-buffer/-/safe-buffer-5.1.1.tgz",
              "integrity": "sha1-iTMSr2myEj3vcfV4iQAWce6yyFM="
            }
          }
        },
        "lodash.includes": {
          "version": "4.3.0",
          "resolved": "https://registry.npmjs.org/lodash.includes/-/lodash.includes-4.3.0.tgz",
          "integrity": "sha1-YLuYqHy5I8aMoeUTJUgzFISfVT8="
        },
        "lodash.isboolean": {
          "version": "3.0.3",
          "resolved": "https://registry.npmjs.org/lodash.isboolean/-/lodash.isboolean-3.0.3.tgz",
          "integrity": "sha1-bC4XHbKiV82WgC/UOwGyDV9YcPY="
        },
        "lodash.isinteger": {
          "version": "4.0.4",
          "resolved": "https://registry.npmjs.org/lodash.isinteger/-/lodash.isinteger-4.0.4.tgz",
          "integrity": "sha1-YZwK89A/iwTDH1iChAt3sRzWg0M="
        },
        "lodash.isnumber": {
          "version": "3.0.3",
          "resolved": "https://registry.npmjs.org/lodash.isnumber/-/lodash.isnumber-3.0.3.tgz",
          "integrity": "sha1-POdoEMWSjQM1IwGsKHMX8RwLH/w="
        },
        "lodash.isplainobject": {
          "version": "4.0.6",
          "resolved": "https://registry.npmjs.org/lodash.isplainobject/-/lodash.isplainobject-4.0.6.tgz",
          "integrity": "sha1-fFJqUtibRcRcxpC4gWO+BJf1UMs="
        },
        "lodash.isstring": {
          "version": "4.0.1",
          "resolved": "https://registry.npmjs.org/lodash.isstring/-/lodash.isstring-4.0.1.tgz",
          "integrity": "sha1-1SfftUVuynzJu5XV2ur4i6VKVFE="
        },
        "lodash.once": {
          "version": "4.1.1",
          "resolved": "https://registry.npmjs.org/lodash.once/-/lodash.once-4.1.1.tgz",
          "integrity": "sha1-DdOXEhPHxW34gJd9UEyI+0cal6w="
        },
        "ms": {
          "version": "2.1.1",
          "resolved": "https://registry.npmjs.org/ms/-/ms-2.1.1.tgz",
          "integrity": "sha1-MKWGTrPrsKZvLr5tcnrwagnYbgo="
        },
        "xtend": {
          "version": "4.0.1",
          "resolved": "https://registry.npmjs.org/xtend/-/xtend-4.0.1.tgz",
          "integrity": "sha1-pcbVMr5lbiPbgg77lDofBJmNY68="
        }
      }
    },
    "logging": {
      "version": "git://github.com/montagestudio/logging.git#fe399e1183d3983103beb490c49cb6228f6fb1cd"
    },
    "q": {
      "version": "0.9.7",
      "resolved": "https://registry.npmjs.org/q/-/q-0.9.7.tgz",
      "integrity": "sha1-TeLmyzspCIyeTLwDv51C+5bOL3U="
    },
    "q-io": {
      "version": "1.13.5",
      "resolved": "https://registry.npmjs.org/q-io/-/q-io-1.13.5.tgz",
      "integrity": "sha1-asOd61z+DcaENub4wz0NfD9HG7I=",
      "requires": {
        "collections": "0.2.2",
        "mime": "1.6.0",
        "mimeparse": "0.1.4",
        "q": "1.5.1",
        "qs": "6.5.1",
        "url2": "0.0.0"
      },
      "dependencies": {
        "mime": {
          "version": "1.6.0",
          "resolved": "https://registry.npmjs.org/mime/-/mime-1.6.0.tgz",
          "integrity": "sha1-Ms2eXGRVO9WNGaVor0Uqz/BJgbE="
        },
        "mimeparse": {
          "version": "0.1.4",
          "resolved": "https://registry.npmjs.org/mimeparse/-/mimeparse-0.1.4.tgz",
          "integrity": "sha1-2vsCdSNw/SJgk64xUsJxrwGsJUo="
        },
        "q": {
          "version": "1.5.1",
          "resolved": "https://registry.npmjs.org/q/-/q-1.5.1.tgz",
          "integrity": "sha1-fjL3W0E4EpHQRhHxvxQQmsAGUdc="
        },
        "qs": {
          "version": "6.5.1",
          "resolved": "https://registry.npmjs.org/qs/-/qs-6.5.1.tgz",
          "integrity": "sha1-NJzfbu+J7EXBLX1es/wMhwNDptg="
        },
        "url2": {
          "version": "0.0.0",
          "resolved": "https://registry.npmjs.org/url2/-/url2-0.0.0.tgz",
          "integrity": "sha1-Tqq9HVw6yQ1iq0SFyZhCKGWgSxo="
        }
      }
    },
    "rollbar": {
      "version": "0.3.13",
      "resolved": "https://registry.npmjs.org/rollbar/-/rollbar-0.3.13.tgz",
      "integrity": "sha1-9s3zefG/wZgcYmve8OnoreUbTjY=",
      "requires": {
        "json-stringify-safe": "5.0.1",
        "lru-cache": "2.2.4",
        "node-uuid": "1.4.8"
      },
      "dependencies": {
        "json-stringify-safe": {
          "version": "5.0.1",
          "resolved": "https://registry.npmjs.org/json-stringify-safe/-/json-stringify-safe-5.0.1.tgz",
          "integrity": "sha1-Epai1Y/UXxmg9s4B1lcB4sc1tus="
        },
        "lru-cache": {
          "version": "2.2.4",
          "resolved": "https://registry.npmjs.org/lru-cache/-/lru-cache-2.2.4.tgz",
          "integrity": "sha1-bGWGGb7PFAMdDQtZSxYELOTcBj0="
        },
        "node-uuid": {
          "version": "1.4.8",
          "resolved": "https://registry.npmjs.org/node-uuid/-/node-uuid-1.4.8.tgz",
          "integrity": "sha1-sEDrCSOWivq/jTL7HxfxFn/auQc="
        }
      }
    },
    "xmlhttprequest": {
      "version": "1.6.0",
      "resolved": "https://registry.npmjs.org/xmlhttprequest/-/xmlhttprequest-1.6.0.tgz",
      "integrity": "sha1-ST0oX1kmb9y41P79JTRae2k8lmw="
    }
  }
}
